{
  "name": "intlTelInputV2",
  "lockfileVersion": 3,
  "requires": true,
  "packages": {
    "": {
      "dependencies": {
        "intl-tel-input": "^22.0.2"
      }
    },
    "node_modules/intl-tel-input": {
      "version": "22.0.2",
      "resolved": "https://registry.npmjs.org/intl-tel-input/-/intl-tel-input-22.0.2.tgz",
      "integrity": "sha512-FYDLp56aCVE+G7TJGmKCeU8LlfSztINiv54TALquMhMJumlUP1d48I6fEssbcq325vcXOrqdOO7Bbi1U/WRCcw=="
    }
  }
}
